
Microsoft Visual Studio Solution File, Format Version 12.00
# Visual Studio Version 16
VisualStudioVersion = 16.0.29123.88
MinimumVisualStudioVersion = 10.0.40219.1
Project("{FAE04EC0-301F-11D3-BF4B-00C04F79EFBC}") = "Restauracja", "Restauracja\Restauracja.csproj", "{2E80D673-FA39-4C25-B81A-C02C1E1CFFB1}"
EndProject
Global
	GlobalSection(SolutionConfigurationPlatforms) = preSolution
		Debug|Any CPU = Debug|Any CPU
		Release|Any CPU = Release|Any CPU
	EndGlobalSection
	GlobalSection(ProjectConfigurationPlatforms) = postSolution
		{2E80D673-FA39-4C25-B81A-C02C1E1CFFB1}.Debug|Any CPU.ActiveCfg = Debug|Any CPU
		{2E80D673-FA39-4C25-B81A-C02C1E1CFFB1}.Debug|Any CPU.Build.0 = Debug|Any CPU
		{2E80D673-FA39-4C25-B81A-C02C1E1CFFB1}.Release|Any CPU.ActiveCfg = Release|Any CPU
		{2E80D673-FA39-4C25-B81A-C02C1E1CFFB1}.Release|Any CPU.Build.0 = Release|Any CPU
	EndGlobalSection
	GlobalSection(SolutionProperties) = preSolution
		HideSolutionNode = FALSE
	EndGlobalSection
	GlobalSection(ExtensibilityGlobals) = postSolution
		SolutionGuid = {3318C9E2-ED8D-4B28-8D6C-D33D0E3D6F94}
	EndGlobalSection
EndGlobal
